{
  "nodes": {
    "ags": {
      "inputs": {
        "astal": "astal",
        "nixpkgs": [
          "nixpkgs"
        ]
      },
      "locked": {
        "lastModified": 1744557573,
        "narHash": "sha256-XAyj0iDuI51BytJ1PwN53uLpzTDdznPDQFG4RwihlTQ=",
        "owner": "Aylur",
        "repo": "ags",
        "rev": "3ed9737bdbc8fc7a7c7ceef2165c9109f336bff6",
        "type": "github"
      },
      "original": {
        "owner": "Aylur",
        "repo": "ags",
        "type": "github"
      }
    },
    "astal": {
      "inputs": {
        "nixpkgs": [
          "ags",
          "nixpkgs"
        ]
      },
      "locked": {
        "lastModified": 1742571008,
        "narHash": "sha256-5WgfJAeBpxiKbTR/gJvxrGYfqQRge5aUDcGKmU1YZ1Q=",
        "owner": "aylur",
        "repo": "astal",
        "rev": "dc0e5d37abe9424c53dcbd2506a4886ffee6296e",
        "type": "github"
      },
      "original": {
        "owner": "aylur",
        "repo": "astal",
        "type": "github"
      }
    },
    "flake-registry": {
      "flake": false,
      "locked": {
        "lastModified": 1744623129,
        "narHash": "sha256-nlQTQrHqM+ywXN0evDXnYEV6z6WWZB5BFQ2TkXsduKw=",
        "owner": "nixos",
        "repo": "flake-registry",
        "rev": "1322f33d5836ae757d2e6190239252cf8402acf6",
        "type": "github"
      },
      "original": {
        "owner": "nixos",
        "repo": "flake-registry",
        "type": "github"
      }
    },
    "home-manager": {
      "inputs": {
        "nixpkgs": [
          "nixpkgs"
        ]
      },
      "locked": {
        "lastModified": 1745627989,
        "narHash": "sha256-mOCdFmxocBPae7wg7RYWOtJzWMJk34u9493ItY0dVqw=",
        "owner": "nix-community",
        "repo": "home-manager",
        "rev": "4d2d32231797bfa7213ae5e8ac89d25f8caaae82",
        "type": "github"
      },
      "original": {
        "owner": "nix-community",
        "repo": "home-manager",
        "type": "github"
      }
    },
    "home-manager_2": {
      "inputs": {
        "nixpkgs": [
          "zen-browser",
          "nixpkgs"
        ]
      },
      "locked": {
        "lastModified": 1743604125,
        "narHash": "sha256-ZD61DNbsBt1mQbinAaaEqKaJk2RFo9R/j+eYWeGMx7A=",
        "owner": "nix-community",
        "repo": "home-manager",
        "rev": "180fd43eea296e62ae68e079fcf56aba268b9a1a",
        "type": "github"
      },
      "original": {
        "owner": "nix-community",
        "repo": "home-manager",
        "type": "github"
      }
    },
    "hyprcursor": {
      "inputs": {
        "hyprlang": "hyprlang",
        "nixpkgs": [
          "mcmojave-hyprcursor",
          "nixpkgs"
        ],
        "systems": "systems"
      },
      "locked": {
        "lastModified": 1721330371,
        "narHash": "sha256-aYlHTWylczLt6ERJyg6E66Y/XSCbVL7leVcRuJmVbpI=",
        "owner": "hyprwm",
        "repo": "hyprcursor",
        "rev": "4493a972b48f9c3014befbbf381ed5fff91a65dc",
        "type": "github"
      },
      "original": {
        "owner": "hyprwm",
        "repo": "hyprcursor",
        "type": "github"
      }
    },
    "hyprlang": {
      "inputs": {
        "hyprutils": "hyprutils",
        "nixpkgs": [
          "mcmojave-hyprcursor",
          "hyprcursor",
          "nixpkgs"
        ],
        "systems": [
          "mcmojave-hyprcursor",
          "hyprcursor",
          "systems"
        ]
      },
      "locked": {
        "lastModified": 1721324361,
        "narHash": "sha256-BiJKO0IIdnSwHQBSrEJlKlFr753urkLE48wtt0UhNG4=",
        "owner": "hyprwm",
        "repo": "hyprlang",
        "rev": "adbefbf49664a6c2c8bf36b6487fd31e3eb68086",
        "type": "github"
      },
      "original": {
        "owner": "hyprwm",
        "repo": "hyprlang",
        "type": "github"
      }
    },
    "hyprutils": {
      "inputs": {
        "nixpkgs": [
          "mcmojave-hyprcursor",
          "hyprcursor",
          "hyprlang",
          "nixpkgs"
        ],
        "systems": [
          "mcmojave-hyprcursor",
          "hyprcursor",
          "hyprlang",
          "systems"
        ]
      },
      "locked": {
        "lastModified": 1721324102,
        "narHash": "sha256-WAZ0X6yJW1hFG6otkHBfyJDKRpNP5stsRqdEuHrFRpk=",
        "owner": "hyprwm",
        "repo": "hyprutils",
        "rev": "962582a090bc233c4de9d9897f46794280288989",
        "type": "github"
      },
      "original": {
        "owner": "hyprwm",
        "repo": "hyprutils",
        "type": "github"
      }
    },
    "mcmojave-hyprcursor": {
      "inputs": {
        "hyprcursor": "hyprcursor",
        "nixpkgs": [
          "nixpkgs"
        ],
        "systems": "systems_2"
      },
      "locked": {
        "lastModified": 1722822648,
        "narHash": "sha256-aM3y6Fq156ilzKUPrZTwp+XWmIqcoQeklRERN0Y0Nvo=",
        "owner": "libadoxon",
        "repo": "mcmojave-hyprcursor",
        "rev": "ad4bbde8d87810f74fe72ae102ce824f26bb1b07",
        "type": "github"
      },
      "original": {
        "owner": "libadoxon",
        "repo": "mcmojave-hyprcursor",
        "type": "github"
      }
    },
    "nixpkgs": {
      "locked": {
        "lastModified": 1745526057,
        "narHash": "sha256-ITSpPDwvLBZBnPRS2bUcHY3gZSwis/uTe255QgMtTLA=",
        "owner": "nixos",
        "repo": "nixpkgs",
        "rev": "f771eb401a46846c1aebd20552521b233dd7e18b",
        "type": "github"
      },
      "original": {
        "owner": "nixos",
        "ref": "nixos-unstable",
        "repo": "nixpkgs",
        "type": "github"
      }
    },
    "root": {
      "inputs": {
        "ags": "ags",
        "flake-registry": "flake-registry",
        "home-manager": "home-manager",
        "mcmojave-hyprcursor": "mcmojave-hyprcursor",
        "nixpkgs": "nixpkgs",
        "zen-browser": "zen-browser"
      }
    },
    "systems": {
      "locked": {
        "lastModified": 1689347949,
        "narHash": "sha256-12tWmuL2zgBgZkdoB6qXZsgJEH9LR3oUgpaQq2RbI80=",
        "owner": "nix-systems",
        "repo": "default-linux",
        "rev": "31732fcf5e8fea42e59c2488ad31a0e651500f68",
        "type": "github"
      },
      "original": {
        "owner": "nix-systems",
        "repo": "default-linux",
        "type": "github"
      }
    },
    "systems_2": {
      "locked": {
        "lastModified": 1689347949,
        "narHash": "sha256-12tWmuL2zgBgZkdoB6qXZsgJEH9LR3oUgpaQq2RbI80=",
        "owner": "nix-systems",
        "repo": "default-linux",
        "rev": "31732fcf5e8fea42e59c2488ad31a0e651500f68",
        "type": "github"
      },
      "original": {
        "owner": "nix-systems",
        "repo": "default-linux",
        "type": "github"
      }
    },
    "zen-browser": {
      "inputs": {
        "home-manager": "home-manager_2",
        "nixpkgs": [
          "nixpkgs"
        ]
      },
      "locked": {
        "lastModified": 1745550347,
        "narHash": "sha256-y3ojr4sqs4cbtHNrzTK1JVoTFfyGzS+m8U5nzgHcj2U=",
        "owner": "0xc000022070",
        "repo": "zen-browser-flake",
        "rev": "855ad6c6bb50dc52f496375e9f031fd0305ea7b8",
        "type": "github"
      },
      "original": {
        "owner": "0xc000022070",
        "repo": "zen-browser-flake",
        "type": "github"
      }
    }
  },
  "root": "root",
  "version": 7
}
